
Microsoft Visual Studio Solution File, Format Version 12.00
# Visual Studio 15
VisualStudioVersion = 15.0.27130.2026
MinimumVisualStudioVersion = 10.0.40219.1
Project("{FAE04EC0-301F-11D3-BF4B-00C04F79EFBC}") = "Signal Generator Bot", "Signal Generator Bot\Signal Generator Bot.csproj", "{6BCEECD3-7D6B-4D0C-AE78-818BE940984B}"
EndProject
Global
	GlobalSection(SolutionConfigurationPlatforms) = preSolution
		Debug|Any CPU = Debug|Any CPU
		Release|Any CPU = Release|Any CPU
	EndGlobalSection
	GlobalSection(ProjectConfigurationPlatforms) = postSolution
		{6BCEECD3-7D6B-4D0C-AE78-818BE940984B}.Debug|Any CPU.ActiveCfg = Debug|Any CPU
		{6BCEECD3-7D6B-4D0C-AE78-818BE940984B}.Debug|Any CPU.Build.0 = Debug|Any CPU
		{6BCEECD3-7D6B-4D0C-AE78-818BE940984B}.Release|Any CPU.ActiveCfg = Release|Any CPU
		{6BCEECD3-7D6B-4D0C-AE78-818BE940984B}.Release|Any CPU.Build.0 = Release|Any CPU
	EndGlobalSection
	GlobalSection(SolutionProperties) = preSolution
		HideSolutionNode = FALSE
	EndGlobalSection
	GlobalSection(ExtensibilityGlobals) = postSolution
		SolutionGuid = {91294115-EB7B-4BF1-845D-6448F97C2013}
	EndGlobalSection
EndGlobal
